// !$*UTF8*$!
{
	archiveVersion = 1;
	classes = {
	};
	objectVersion = 56;
	objects = {

/* Begin PBXBuildFile section */
		5C2A725F0849741DEE3759CE /* Pods_Splash.framework in Frameworks */ = {isa = PBXBuildFile; fileRef = 3BD770AB2D6AA4444C9B26D6 /* Pods_Splash.framework */; };
		7A6098F729FB7EA3006B9B5E /* AppDelegate.swift in Sources */ = {isa = PBXBuildFile; fileRef = 7A6098F629FB7EA3006B9B5E /* AppDelegate.swift */; };
		7A6098F929FB7EA3006B9B5E /* SceneDelegate.swift in Sources */ = {isa = PBXBuildFile; fileRef = 7A6098F829FB7EA3006B9B5E /* SceneDelegate.swift */; };
		7A6098FB29FB7EA3006B9B5E /* FeedViewController.swift in Sources */ = {isa = PBXBuildFile; fileRef = 7A6098FA29FB7EA3006B9B5E /* FeedViewController.swift */; };
		7A6098FE29FB7EA3006B9B5E /* Main.storyboard in Resources */ = {isa = PBXBuildFile; fileRef = 7A6098FC29FB7EA3006B9B5E /* Main.storyboard */; };
		7A60990029FB7EA3006B9B5E /* Assets.xcassets in Resources */ = {isa = PBXBuildFile; fileRef = 7A6098FF29FB7EA3006B9B5E /* Assets.xcassets */; };
		7A60990329FB7EA3006B9B5E /* LaunchScreen.storyboard in Resources */ = {isa = PBXBuildFile; fileRef = 7A60990129FB7EA3006B9B5E /* LaunchScreen.storyboard */; };
		7A60991029FB878D006B9B5E /* TableViewExtensions.swift in Sources */ = {isa = PBXBuildFile; fileRef = 7A60990F29FB878D006B9B5E /* TableViewExtensions.swift */; };
		7A60991229FB8C3C006B9B5E /* ImageTableViewCell.swift in Sources */ = {isa = PBXBuildFile; fileRef = 7A60991129FB8C3C006B9B5E /* ImageTableViewCell.swift */; };
		7A60991429FB8E79006B9B5E /* ResponseModel.swift in Sources */ = {isa = PBXBuildFile; fileRef = 7A60991329FB8E79006B9B5E /* ResponseModel.swift */; };
		7A6099162A000AD6006B9B5E /* LaunchAndHoldViewController.swift in Sources */ = {isa = PBXBuildFile; fileRef = 7A6099152A000AD6006B9B5E /* LaunchAndHoldViewController.swift */; };
/* End PBXBuildFile section */

/* Begin PBXFileReference section */
		128E05AF966CCC31276C3626 /* Pods-Splash.release.xcconfig */ = {isa = PBXFileReference; includeInIndex = 1; lastKnownFileType = text.xcconfig; name = "Pods-Splash.release.xcconfig"; path = "Target Support Files/Pods-Splash/Pods-Splash.release.xcconfig"; sourceTree = "<group>"; };
		3BD770AB2D6AA4444C9B26D6 /* Pods_Splash.framework */ = {isa = PBXFileReference; explicitFileType = wrapper.framework; includeInIndex = 0; path = Pods_Splash.framework; sourceTree = BUILT_PRODUCTS_DIR; };
		4CE38A4AE4BCB83665F442F6 /* Pods-Splash.debug.xcconfig */ = {isa = PBXFileReference; includeInIndex = 1; lastKnownFileType = text.xcconfig; name = "Pods-Splash.debug.xcconfig"; path = "Target Support Files/Pods-Splash/Pods-Splash.debug.xcconfig"; sourceTree = "<group>"; };
		7A6098F329FB7EA3006B9B5E /* Splash.app */ = {isa = PBXFileReference; explicitFileType = wrapper.application; includeInIndex = 0; path = Splash.app; sourceTree = BUILT_PRODUCTS_DIR; };
		7A6098F629FB7EA3006B9B5E /* AppDelegate.swift */ = {isa = PBXFileReference; lastKnownFileType = sourcecode.swift; path = AppDelegate.swift; sourceTree = "<group>"; };
		7A6098F829FB7EA3006B9B5E /* SceneDelegate.swift */ = {isa = PBXFileReference; lastKnownFileType = sourcecode.swift; path = SceneDelegate.swift; sourceTree = "<group>"; };
		7A6098FA29FB7EA3006B9B5E /* FeedViewController.swift */ = {isa = PBXFileReference; lastKnownFileType = sourcecode.swift; path = FeedViewController.swift; sourceTree = "<group>"; };
		7A6098FD29FB7EA3006B9B5E /* Base */ = {isa = PBXFileReference; lastKnownFileType = file.storyboard; name = Base; path = Base.lproj/Main.storyboard; sourceTree = "<group>"; };
		7A6098FF29FB7EA3006B9B5E /* Assets.xcassets */ = {isa = PBXFileReference; lastKnownFileType = folder.assetcatalog; path = Assets.xcassets; sourceTree = "<group>"; };
		7A60990229FB7EA3006B9B5E /* Base */ = {isa = PBXFileReference; lastKnownFileType = file.storyboard; name = Base; path = Base.lproj/LaunchScreen.storyboard; sourceTree = "<group>"; };
		7A60990429FB7EA3006B9B5E /* Info.plist */ = {isa = PBXFileReference; lastKnownFileType = text.plist.xml; path = Info.plist; sourceTree = "<group>"; };
		7A60990F29FB878D006B9B5E /* TableViewExtensions.swift */ = {isa = PBXFileReference; lastKnownFileType = sourcecode.swift; path = TableViewExtensions.swift; sourceTree = "<group>"; };
		7A60991129FB8C3C006B9B5E /* ImageTableViewCell.swift */ = {isa = PBXFileReference; lastKnownFileType = sourcecode.swift; path = ImageTableViewCell.swift; sourceTree = "<group>"; };
		7A60991329FB8E79006B9B5E /* ResponseModel.swift */ = {isa = PBXFileReference; lastKnownFileType = sourcecode.swift; path = ResponseModel.swift; sourceTree = "<group>"; };
		7A6099152A000AD6006B9B5E /* LaunchAndHoldViewController.swift */ = {isa = PBXFileReference; lastKnownFileType = sourcecode.swift; path = LaunchAndHoldViewController.swift; sourceTree = "<group>"; };
/* End PBXFileReference section */

/* Begin PBXFrameworksBuildPhase section */
		7A6098F029FB7EA3006B9B5E /* Frameworks */ = {
			isa = PBXFrameworksBuildPhase;
			buildActionMask = 2147483647;
			files = (
				5C2A725F0849741DEE3759CE /* Pods_Splash.framework in Frameworks */,
			);
			runOnlyForDeploymentPostprocessing = 0;
		};
/* End PBXFrameworksBuildPhase section */

/* Begin PBXGroup section */
		7A6098EA29FB7EA3006B9B5E = {
			isa = PBXGroup;
			children = (
				7A6098F529FB7EA3006B9B5E /* Splash */,
				7A6098F429FB7EA3006B9B5E /* Products */,
				C657CFBAFC17B9549B78F58C /* Pods */,
				F2CB7A30CFC34B17AF6F6783 /* Frameworks */,
			);
			sourceTree = "<group>";
		};
		7A6098F429FB7EA3006B9B5E /* Products */ = {
			isa = PBXGroup;
			children = (
				7A6098F329FB7EA3006B9B5E /* Splash.app */,
			);
			name = Products;
			sourceTree = "<group>";
		};
		7A6098F529FB7EA3006B9B5E /* Splash */ = {
			isa = PBXGroup;
			children = (
				7A60990A29FB7EAD006B9B5E /* Model */,
				7A60990B29FB7EB9006B9B5E /* View */,
				7A60990C29FB7EC5006B9B5E /* Controller */,
				7A6098F629FB7EA3006B9B5E /* AppDelegate.swift */,
				7A6098F829FB7EA3006B9B5E /* SceneDelegate.swift */,
				7A6098FC29FB7EA3006B9B5E /* Main.storyboard */,
				7A6098FF29FB7EA3006B9B5E /* Assets.xcassets */,
				7A60990129FB7EA3006B9B5E /* LaunchScreen.storyboard */,
				7A60990429FB7EA3006B9B5E /* Info.plist */,
			);
			path = Splash;
			sourceTree = "<group>";
		};
		7A60990A29FB7EAD006B9B5E /* Model */ = {
			isa = PBXGroup;
			children = (
				7A60991329FB8E79006B9B5E /* ResponseModel.swift */,
			);
			path = Model;
			sourceTree = "<group>";
		};
		7A60990B29FB7EB9006B9B5E /* View */ = {
			isa = PBXGroup;
			children = (
				7A60991129FB8C3C006B9B5E /* ImageTableViewCell.swift */,
			);
			path = View;
			sourceTree = "<group>";
		};
		7A60990C29FB7EC5006B9B5E /* Controller */ = {
			isa = PBXGroup;
			children = (
				7A6098FA29FB7EA3006B9B5E /* FeedViewController.swift */,
				7A60990F29FB878D006B9B5E /* TableViewExtensions.swift */,
				7A6099152A000AD6006B9B5E /* LaunchAndHoldViewController.swift */,
			);
			path = Controller;
			sourceTree = "<group>";
		};
		C657CFBAFC17B9549B78F58C /* Pods */ = {
			isa = PBXGroup;
			children = (
				4CE38A4AE4BCB83665F442F6 /* Pods-Splash.debug.xcconfig */,
				128E05AF966CCC31276C3626 /* Pods-Splash.release.xcconfig */,
			);
			path = Pods;
			sourceTree = "<group>";
		};
		F2CB7A30CFC34B17AF6F6783 /* Frameworks */ = {
			isa = PBXGroup;
			children = (
				3BD770AB2D6AA4444C9B26D6 /* Pods_Splash.framework */,
			);
			name = Frameworks;
			sourceTree = "<group>";
		};
/* End PBXGroup section */

/* Begin PBXNativeTarget section */
		7A6098F229FB7EA3006B9B5E /* Splash */ = {
			isa = PBXNativeTarget;
			buildConfigurationList = 7A60990729FB7EA3006B9B5E /* Build configuration list for PBXNativeTarget "Splash" */;
			buildPhases = (
				A648C6E77458CA81359E0270 /* [CP] Check Pods Manifest.lock */,
				7A6098EF29FB7EA3006B9B5E /* Sources */,
				7A6098F029FB7EA3006B9B5E /* Frameworks */,
				7A6098F129FB7EA3006B9B5E /* Resources */,
				54AADCE273F6DE9BD49FD8E0 /* [CP] Embed Pods Frameworks */,
			);
			buildRules = (
			);
			dependencies = (
			);
			name = Splash;
			productName = Splash;
			productReference = 7A6098F329FB7EA3006B9B5E /* Splash.app */;
			productType = "com.apple.product-type.application";
		};
/* End PBXNativeTarget section */

/* Begin PBXProject section */
		7A6098EB29FB7EA3006B9B5E /* Project object */ = {
			isa = PBXProject;
			attributes = {
				BuildIndependentTargetsInParallel = 1;
				LastSwiftUpdateCheck = 1420;
				LastUpgradeCheck = 1420;
				TargetAttributes = {
					7A6098F229FB7EA3006B9B5E = {
						CreatedOnToolsVersion = 14.2;
					};
				};
			};
			buildConfigurationList = 7A6098EE29FB7EA3006B9B5E /* Build configuration list for PBXProject "Splash" */;
			compatibilityVersion = "Xcode 14.0";
			developmentRegion = en;
			hasScannedForEncodings = 0;
			knownRegions = (
				en,
				Base,
			);
			mainGroup = 7A6098EA29FB7EA3006B9B5E;
			productRefGroup = 7A6098F429FB7EA3006B9B5E /* Products */;
			projectDirPath = "";
			projectRoot = "";
			targets = (
				7A6098F229FB7EA3006B9B5E /* Splash */,
			);
		};
/* End PBXProject section */

/* Begin PBXResourcesBuildPhase section */
		7A6098F129FB7EA3006B9B5E /* Resources */ = {
			isa = PBXResourcesBuildPhase;
			buildActionMask = 2147483647;
			files = (
				7A60990329FB7EA3006B9B5E /* LaunchScreen.storyboard in Resources */,
				7A60990029FB7EA3006B9B5E /* Assets.xcassets in Resources */,
				7A6098FE29FB7EA3006B9B5E /* Main.storyboard in Resources */,
			);
			runOnlyForDeploymentPostprocessing = 0;
		};
/* End PBXResourcesBuildPhase section */

/* Begin PBXShellScriptBuildPhase section */
		54AADCE273F6DE9BD49FD8E0 /* [CP] Embed Pods Frameworks */ = {
			isa = PBXShellScriptBuildPhase;
			buildActionMask = 2147483647;
			files = (
			);
			inputFileListPaths = (
				"${PODS_ROOT}/Target Support Files/Pods-Splash/Pods-Splash-frameworks-${CONFIGURATION}-input-files.xcfilelist",
			);
			name = "[CP] Embed Pods Frameworks";
			outputFileListPaths = (
				"${PODS_ROOT}/Target Support Files/Pods-Splash/Pods-Splash-frameworks-${CONFIGURATION}-output-files.xcfilelist",
			);
			runOnlyForDeploymentPostprocessing = 0;
			shellPath = /bin/sh;
			shellScript = "\"${PODS_ROOT}/Target Support Files/Pods-Splash/Pods-Splash-frameworks.sh\"\n";
			showEnvVarsInLog = 0;
		};
		A648C6E77458CA81359E0270 /* [CP] Check Pods Manifest.lock */ = {
			isa = PBXShellScriptBuildPhase;
			buildActionMask = 2147483647;
			files = (
			);
			inputFileListPaths = (
			);
			inputPaths = (
				"${PODS_PODFILE_DIR_PATH}/Podfile.lock",
				"${PODS_ROOT}/Manifest.lock",
			);
			name = "[CP] Check Pods Manifest.lock";
			outputFileListPaths = (
			);
			outputPaths = (
				"$(DERIVED_FILE_DIR)/Pods-Splash-checkManifestLockResult.txt",
			);
			runOnlyForDeploymentPostprocessing = 0;
			shellPath = /bin/sh;
			shellScript = "diff \"${PODS_PODFILE_DIR_PATH}/Podfile.lock\" \"${PODS_ROOT}/Manifest.lock\" > /dev/null\nif [ $? != 0 ] ; then\n    # print error to STDERR\n    echo \"error: The sandbox is not in sync with the Podfile.lock. Run 'pod install' or update your CocoaPods installation.\" >&2\n    exit 1\nfi\n# This output is used by Xcode 'outputs' to avoid re-running this script phase.\necho \"SUCCESS\" > \"${SCRIPT_OUTPUT_FILE_0}\"\n";
			showEnvVarsInLog = 0;
		};
/* End PBXShellScriptBuildPhase section */

/* Begin PBXSourcesBuildPhase section */
		7A6098EF29FB7EA3006B9B5E /* Sources */ = {
			isa = PBXSourcesBuildPhase;
			buildActionMask = 2147483647;
			files = (
				7A6099162A000AD6006B9B5E /* LaunchAndHoldViewController.swift in Sources */,
				7A6098FB29FB7EA3006B9B5E /* FeedViewController.swift in Sources */,
				7A6098F729FB7EA3006B9B5E /* AppDelegate.swift in Sources */,
				7A60991229FB8C3C006B9B5E /* ImageTableViewCell.swift in Sources */,
				7A6098F929FB7EA3006B9B5E /* SceneDelegate.swift in Sources */,
				7A60991429FB8E79006B9B5E /* ResponseModel.swift in Sources */,
				7A60991029FB878D006B9B5E /* TableViewExtensions.swift in Sources */,
			);
			runOnlyForDeploymentPostprocessing = 0;
		};
/* End PBXSourcesBuildPhase section */

/* Begin PBXVariantGroup section */
		7A6098FC29FB7EA3006B9B5E /* Main.storyboard */ = {
			isa = PBXVariantGroup;
			children = (
				7A6098FD29FB7EA3006B9B5E /* Base */,
			);
			name = Main.storyboard;
			sourceTree = "<group>";
		};
		7A60990129FB7EA3006B9B5E /* LaunchScreen.storyboard */ = {
			isa = PBXVariantGroup;
			children = (
				7A60990229FB7EA3006B9B5E /* Base */,
			);
			name = LaunchScreen.storyboard;
			sourceTree = "<group>";
		};
/* End PBXVariantGroup section */

/* Begin XCBuildConfiguration section */
		7A60990529FB7EA3006B9B5E /* Debug */ = {
			isa = XCBuildConfiguration;
			buildSettings = {
				ALWAYS_SEARCH_USER_PATHS = NO;
				CLANG_ANALYZER_NONNULL = YES;
				CLANG_ANALYZER_NUMBER_OBJECT_CONVERSION = YES_AGGRESSIVE;
				CLANG_CXX_LANGUAGE_STANDARD = "gnu++20";
				CLANG_ENABLE_MODULES = YES;
				CLANG_ENABLE_OBJC_ARC = YES;
				CLANG_ENABLE_OBJC_WEAK = YES;
				CLANG_WARN_BLOCK_CAPTURE_AUTORELEASING = YES;
				CLANG_WARN_BOOL_CONVERSION = YES;
				CLANG_WARN_COMMA = YES;
				CLANG_WARN_CONSTANT_CONVERSION = YES;
				CLANG_WARN_DEPRECATED_OBJC_IMPLEMENTATIONS = YES;
				CLANG_WARN_DIRECT_OBJC_ISA_USAGE = YES_ERROR;
				CLANG_WARN_DOCUMENTATION_COMMENTS = YES;
				CLANG_WARN_EMPTY_BODY = YES;
				CLANG_WARN_ENUM_CONVERSION = YES;
				CLANG_WARN_INFINITE_RECURSION = YES;
				CLANG_WARN_INT_CONVERSION = YES;
				CLANG_WARN_NON_LITERAL_NULL_CONVERSION = YES;
				CLANG_WARN_OBJC_IMPLICIT_RETAIN_SELF = YES;
				CLANG_WARN_OBJC_LITERAL_CONVERSION = YES;
				CLANG_WARN_OBJC_ROOT_CLASS = YES_ERROR;
				CLANG_WARN_QUOTED_INCLUDE_IN_FRAMEWORK_HEADER = YES;
				CLANG_WARN_RANGE_LOOP_ANALYSIS = YES;
				CLANG_WARN_STRICT_PROTOTYPES = YES;
				CLANG_WARN_SUSPICIOUS_MOVE = YES;
				CLANG_WARN_UNGUARDED_AVAILABILITY = YES_AGGRESSIVE;
				CLANG_WARN_UNREACHABLE_CODE = YES;
				CLANG_WARN__DUPLICATE_METHOD_MATCH = YES;
				COPY_PHASE_STRIP = NO;
				DEBUG_INFORMATION_FORMAT = dwarf;
				ENABLE_STRICT_OBJC_MSGSEND = YES;
				ENABLE_TESTABILITY = YES;
				GCC_C_LANGUAGE_STANDARD = gnu11;
				GCC_DYNAMIC_NO_PIC = NO;
				GCC_NO_COMMON_BLOCKS = YES;
				GCC_OPTIMIZATION_LEVEL = 0;
				GCC_PREPROCESSOR_DEFINITIONS = (
					"DEBUG=1",
					"$(inherited)",
				);
				GCC_WARN_64_TO_32_BIT_CONVERSION = YES;
				GCC_WARN_ABOUT_RETURN_TYPE = YES_ERROR;
				GCC_WARN_UNDECLARED_SELECTOR = YES;
				GCC_WARN_UNINITIALIZED_AUTOS = YES_AGGRESSIVE;
				GCC_WARN_UNUSED_FUNCTION = YES;
				GCC_WARN_UNUSED_VARIABLE = YES;
				IPHONEOS_DEPLOYMENT_TARGET = 16.2;
				MTL_ENABLE_DEBUG_INFO = INCLUDE_SOURCE;
				MTL_FAST_MATH = YES;
				ONLY_ACTIVE_ARCH = YES;
				SDKROOT = iphoneos;
				SWIFT_ACTIVE_COMPILATION_CONDITIONS = DEBUG;
				SWIFT_OPTIMIZATION_LEVEL = "-Onone";
			};
			name = Debug;
		};
		7A60990629FB7EA3006B9B5E /* Release */ = {
			isa = XCBuildConfiguration;
			buildSettings = {
				ALWAYS_SEARCH_USER_PATHS = NO;
				CLANG_ANALYZER_NONNULL = YES;
				CLANG_ANALYZER_NUMBER_OBJECT_CONVERSION = YES_AGGRESSIVE;
				CLANG_CXX_LANGUAGE_STANDARD = "gnu++20";
				CLANG_ENABLE_MODULES = YES;
				CLANG_ENABLE_OBJC_ARC = YES;
				CLANG_ENABLE_OBJC_WEAK = YES;
				CLANG_WARN_BLOCK_CAPTURE_AUTORELEASING = YES;
				CLANG_WARN_BOOL_CONVERSION = YES;
				CLANG_WARN_COMMA = YES;
				CLANG_WARN_CONSTANT_CONVERSION = YES;
				CLANG_WARN_DEPRECATED_OBJC_IMPLEMENTATIONS = YES;
				CLANG_WARN_DIRECT_OBJC_ISA_USAGE = YES_ERROR;
				CLANG_WARN_DOCUMENTATION_COMMENTS = YES;
				CLANG_WARN_EMPTY_BODY = YES;
				CLANG_WARN_ENUM_CONVERSION = YES;
				CLANG_WARN_INFINITE_RECURSION = YES;
				CLANG_WARN_INT_CONVERSION = YES;
				CLANG_WARN_NON_LITERAL_NULL_CONVERSION = YES;
				CLANG_WARN_OBJC_IMPLICIT_RETAIN_SELF = YES;
				CLANG_WARN_OBJC_LITERAL_CONVERSION = YES;
				CLANG_WARN_OBJC_ROOT_CLASS = YES_ERROR;
				CLANG_WARN_QUOTED_INCLUDE_IN_FRAMEWORK_HEADER = YES;
				CLANG_WARN_RANGE_LOOP_ANALYSIS = YES;
				CLANG_WARN_STRICT_PROTOTYPES = YES;
				CLANG_WARN_SUSPICIOUS_MOVE = YES;
				CLANG_WARN_UNGUARDED_AVAILABILITY = YES_AGGRESSIVE;
				CLANG_WARN_UNREACHABLE_CODE = YES;
				CLANG_WARN__DUPLICATE_METHOD_MATCH = YES;
				COPY_PHASE_STRIP = NO;
				DEBUG_INFORMATION_FORMAT = "dwarf-with-dsym";
				ENABLE_NS_ASSERTIONS = NO;
				ENABLE_STRICT_OBJC_MSGSEND = YES;
				GCC_C_LANGUAGE_STANDARD = gnu11;
				GCC_NO_COMMON_BLOCKS = YES;
				GCC_WARN_64_TO_32_BIT_CONVERSION = YES;
				GCC_WARN_ABOUT_RETURN_TYPE = YES_ERROR;
				GCC_WARN_UNDECLARED_SELECTOR = YES;
				GCC_WARN_UNINITIALIZED_AUTOS = YES_AGGRESSIVE;
				GCC_WARN_UNUSED_FUNCTION = YES;
				GCC_WARN_UNUSED_VARIABLE = YES;
				IPHONEOS_DEPLOYMENT_TARGET = 16.2;
				MTL_ENABLE_DEBUG_INFO = NO;
				MTL_FAST_MATH = YES;
				SDKROOT = iphoneos;
				SWIFT_COMPILATION_MODE = wholemodule;
				SWIFT_OPTIMIZATION_LEVEL = "-O";
				VALIDATE_PRODUCT = YES;
			};
			name = Release;
		};
		7A60990829FB7EA3006B9B5E /* Debug */ = {
			isa = XCBuildConfiguration;
			baseConfigurationReference = 4CE38A4AE4BCB83665F442F6 /* Pods-Splash.debug.xcconfig */;
			buildSettings = {
				ASSETCATALOG_COMPILER_APPICON_NAME = AppIcon;
				ASSETCATALOG_COMPILER_GLOBAL_ACCENT_COLOR_NAME = AccentColor;
				CODE_SIGN_STYLE = Automatic;
				CURRENT_PROJECT_VERSION = 1;
				DEVELOPMENT_TEAM = 2LR2Z2SB2G;
				GENERATE_INFOPLIST_FILE = YES;
				INFOPLIST_FILE = Splash/Info.plist;
				INFOPLIST_KEY_UIApplicationSupportsIndirectInputEvents = YES;
				INFOPLIST_KEY_UILaunchStoryboardName = LaunchScreen;
				INFOPLIST_KEY_UIMainStoryboardFile = Main;
				INFOPLIST_KEY_UISupportedInterfaceOrientations = UIInterfaceOrientationPortrait;
				IPHONEOS_DEPLOYMENT_TARGET = 12.0;
				LD_RUNPATH_SEARCH_PATHS = (
					"$(inherited)",
					"@executable_path/Frameworks",
				);
				MARKETING_VERSION = 1.0;
				PRODUCT_BUNDLE_IDENTIFIER = com.bfsf.Splash;
				PRODUCT_NAME = "$(TARGET_NAME)";
				SWIFT_EMIT_LOC_STRINGS = YES;
				SWIFT_VERSION = 5.0;
				TARGETED_DEVICE_FAMILY = "1,2";
			};
			name = Debug;
		};
		7A60990929FB7EA3006B9B5E /* Release */ = {
			isa = XCBuildConfiguration;
			baseConfigurationReference = 128E05AF966CCC31276C3626 /* Pods-Splash.release.xcconfig */;
			buildSettings = {
				ASSETCATALOG_COMPILER_APPICON_NAME = AppIcon;
				ASSETCATALOG_COMPILER_GLOBAL_ACCENT_COLOR_NAME = AccentColor;
				CODE_SIGN_STYLE = Automatic;
				CURRENT_PROJECT_VERSION = 1;
				DEVELOPMENT_TEAM = 2LR2Z2SB2G;
				GENERATE_INFOPLIST_FILE = YES;
				INFOPLIST_FILE = Splash/Info.plist;
				INFOPLIST_KEY_UIApplicationSupportsIndirectInputEvents = YES;
				INFOPLIST_KEY_UILaunchStoryboardName = LaunchScreen;
				INFOPLIST_KEY_UIMainStoryboardFile = Main;
				INFOPLIST_KEY_UISupportedInterfaceOrientations = UIInterfaceOrientationPortrait;
				IPHONEOS_DEPLOYMENT_TARGET = 12.0;
				LD_RUNPATH_SEARCH_PATHS = (
					"$(inherited)",
					"@executable_path/Frameworks",
				);
				MARKETING_VERSION = 1.0;
				PRODUCT_BUNDLE_IDENTIFIER = com.bfsf.Splash;
				PRODUCT_NAME = "$(TARGET_NAME)";
				SWIFT_EMIT_LOC_STRINGS = YES;
				SWIFT_VERSION = 5.0;
				TARGETED_DEVICE_FAMILY = "1,2";
			};
			name = Release;
		};
/* End XCBuildConfiguration section */

/* Begin XCConfigurationList section */
		7A6098EE29FB7EA3006B9B5E /* Build configuration list for PBXProject "Splash" */ = {
			isa = XCConfigurationList;
			buildConfigurations = (
				7A60990529FB7EA3006B9B5E /* Debug */,
				7A60990629FB7EA3006B9B5E /* Release */,
			);
			defaultConfigurationIsVisible = 0;
			defaultConfigurationName = Release;
		};
		7A60990729FB7EA3006B9B5E /* Build configuration list for PBXNativeTarget "Splash" */ = {
			isa = XCConfigurationList;
			buildConfigurations = (
				7A60990829FB7EA3006B9B5E /* Debug */,
				7A60990929FB7EA3006B9B5E /* Release */,
			);
			defaultConfigurationIsVisible = 0;
			defaultConfigurationName = Release;
		};
/* End XCConfigurationList section */
	};
	rootObject = 7A6098EB29FB7EA3006B9B5E /* Project object */;
}
